
Microsoft Visual Studio Solution File, Format Version 12.00
# Visual Studio Version 16
VisualStudioVersion = 16.0.30114.105
MinimumVisualStudioVersion = 10.0.40219.1
Project("{FAE04EC0-301F-11D3-BF4B-00C04F79EFBC}") = "src", "src\src.csproj", "{0D38EDBE-15BE-4512-9846-03D25F70B314}"
EndProject
Project("{FAE04EC0-301F-11D3-BF4B-00C04F79EFBC}") = "tests", "tests\tests.csproj", "{669965C1-6AC9-4A1A-893E-F6926A897970}"
EndProject
Global
	GlobalSection(SolutionConfigurationPlatforms) = preSolution
		Debug|Any CPU = Debug|Any CPU
		Release|Any CPU = Release|Any CPU
	EndGlobalSection
	GlobalSection(SolutionProperties) = preSolution
		HideSolutionNode = FALSE
	EndGlobalSection
	GlobalSection(ProjectConfigurationPlatforms) = postSolution
		{0D38EDBE-15BE-4512-9846-03D25F70B314}.Debug|Any CPU.ActiveCfg = Debug|Any CPU
		{0D38EDBE-15BE-4512-9846-03D25F70B314}.Debug|Any CPU.Build.0 = Debug|Any CPU
		{0D38EDBE-15BE-4512-9846-03D25F70B314}.Release|Any CPU.ActiveCfg = Release|Any CPU
		{0D38EDBE-15BE-4512-9846-03D25F70B314}.Release|Any CPU.Build.0 = Release|Any CPU
		{669965C1-6AC9-4A1A-893E-F6926A897970}.Debug|Any CPU.ActiveCfg = Debug|Any CPU
		{669965C1-6AC9-4A1A-893E-F6926A897970}.Debug|Any CPU.Build.0 = Debug|Any CPU
		{669965C1-6AC9-4A1A-893E-F6926A897970}.Release|Any CPU.ActiveCfg = Release|Any CPU
		{669965C1-6AC9-4A1A-893E-F6926A897970}.Release|Any CPU.Build.0 = Release|Any CPU
	EndGlobalSection
EndGlobal
