
Microsoft Visual Studio Solution File, Format Version 12.00
# Visual Studio Version 16
VisualStudioVersion = 16.0.30114.105
MinimumVisualStudioVersion = 10.0.40219.1
Project("{2150E333-8FDC-42A3-9474-1A3956D46DE8}") = "src", "src", "{6EED3591-2A7E-415C-B8CE-FFEAA32E7F43}"
EndProject
Project("{FAE04EC0-301F-11D3-BF4B-00C04F79EFBC}") = "Domain", "src\Domain\Domain.csproj", "{76D6683D-9AF0-42B6-A56D-1AACDDDB203D}"
EndProject
Project("{FAE04EC0-301F-11D3-BF4B-00C04F79EFBC}") = "Application", "src\Application\Application.csproj", "{6B86AB41-D269-48A6-A416-14648855FD0F}"
EndProject
Project("{FAE04EC0-301F-11D3-BF4B-00C04F79EFBC}") = "Presentation", "src\Presentation\Presentation.csproj", "{D5E96924-CCD2-4D5A-9B8E-F5B6F41CA6D7}"
EndProject
Project("{FAE04EC0-301F-11D3-BF4B-00C04F79EFBC}") = "Infrastructure", "src\Infrastructure\Infrastructure.csproj", "{96C648D2-0016-4998-8119-41946D75F917}"
EndProject
Project("{2150E333-8FDC-42A3-9474-1A3956D46DE8}") = "tests", "tests", "{269502D8-D504-45C6-8812-D272C92B2046}"
EndProject
Project("{FAE04EC0-301F-11D3-BF4B-00C04F79EFBC}") = "Infrastructure.UnitTests", "tests\Infrastructure.UnitTests\Infrastructure.UnitTests.csproj", "{A3F25D7F-80F3-4141-B676-EA1C733C3BFA}"
EndProject
Global
	GlobalSection(SolutionConfigurationPlatforms) = preSolution
		Debug|Any CPU = Debug|Any CPU
		Release|Any CPU = Release|Any CPU
	EndGlobalSection
	GlobalSection(SolutionProperties) = preSolution
		HideSolutionNode = FALSE
	EndGlobalSection
	GlobalSection(ProjectConfigurationPlatforms) = postSolution
		{76D6683D-9AF0-42B6-A56D-1AACDDDB203D}.Debug|Any CPU.ActiveCfg = Debug|Any CPU
		{76D6683D-9AF0-42B6-A56D-1AACDDDB203D}.Debug|Any CPU.Build.0 = Debug|Any CPU
		{76D6683D-9AF0-42B6-A56D-1AACDDDB203D}.Release|Any CPU.ActiveCfg = Release|Any CPU
		{76D6683D-9AF0-42B6-A56D-1AACDDDB203D}.Release|Any CPU.Build.0 = Release|Any CPU
		{6B86AB41-D269-48A6-A416-14648855FD0F}.Debug|Any CPU.ActiveCfg = Debug|Any CPU
		{6B86AB41-D269-48A6-A416-14648855FD0F}.Debug|Any CPU.Build.0 = Debug|Any CPU
		{6B86AB41-D269-48A6-A416-14648855FD0F}.Release|Any CPU.ActiveCfg = Release|Any CPU
		{6B86AB41-D269-48A6-A416-14648855FD0F}.Release|Any CPU.Build.0 = Release|Any CPU
		{D5E96924-CCD2-4D5A-9B8E-F5B6F41CA6D7}.Debug|Any CPU.ActiveCfg = Debug|Any CPU
		{D5E96924-CCD2-4D5A-9B8E-F5B6F41CA6D7}.Debug|Any CPU.Build.0 = Debug|Any CPU
		{D5E96924-CCD2-4D5A-9B8E-F5B6F41CA6D7}.Release|Any CPU.ActiveCfg = Release|Any CPU
		{D5E96924-CCD2-4D5A-9B8E-F5B6F41CA6D7}.Release|Any CPU.Build.0 = Release|Any CPU
		{96C648D2-0016-4998-8119-41946D75F917}.Debug|Any CPU.ActiveCfg = Debug|Any CPU
		{96C648D2-0016-4998-8119-41946D75F917}.Debug|Any CPU.Build.0 = Debug|Any CPU
		{96C648D2-0016-4998-8119-41946D75F917}.Release|Any CPU.ActiveCfg = Release|Any CPU
		{96C648D2-0016-4998-8119-41946D75F917}.Release|Any CPU.Build.0 = Release|Any CPU
		{A3F25D7F-80F3-4141-B676-EA1C733C3BFA}.Debug|Any CPU.ActiveCfg = Debug|Any CPU
		{A3F25D7F-80F3-4141-B676-EA1C733C3BFA}.Debug|Any CPU.Build.0 = Debug|Any CPU
		{A3F25D7F-80F3-4141-B676-EA1C733C3BFA}.Release|Any CPU.ActiveCfg = Release|Any CPU
		{A3F25D7F-80F3-4141-B676-EA1C733C3BFA}.Release|Any CPU.Build.0 = Release|Any CPU
		{C0D07A10-B7D7-4972-B0D0-23C7FDE5454A}.Debug|Any CPU.ActiveCfg = Debug|Any CPU
	EndGlobalSection
	GlobalSection(NestedProjects) = preSolution
		{76D6683D-9AF0-42B6-A56D-1AACDDDB203D} = {6EED3591-2A7E-415C-B8CE-FFEAA32E7F43}
		{6B86AB41-D269-48A6-A416-14648855FD0F} = {6EED3591-2A7E-415C-B8CE-FFEAA32E7F43}
		{D5E96924-CCD2-4D5A-9B8E-F5B6F41CA6D7} = {6EED3591-2A7E-415C-B8CE-FFEAA32E7F43}
		{96C648D2-0016-4998-8119-41946D75F917} = {6EED3591-2A7E-415C-B8CE-FFEAA32E7F43}
		{A3F25D7F-80F3-4141-B676-EA1C733C3BFA} = {269502D8-D504-45C6-8812-D272C92B2046}
	EndGlobalSection
EndGlobal
